
Microsoft Visual Studio Solution File, Format Version 12.00
# Visual Studio Version 17
VisualStudioVersion = 17.14.36705.20
MinimumVisualStudioVersion = 10.0.40219.1
Project("{FAE04EC0-301F-11D3-BF4B-00C04F79EFBC}") = "DVLD", "DVLD.csproj", "{117A413E-181A-4F83-B951-0E8F266692FE}"
EndProject
Project("{FAE04EC0-301F-11D3-BF4B-00C04F79EFBC}") = "DVLD_DataAccess", "..\DVLD_DataAccess\DVLD_DataAccess.csproj", "{4586714B-7A90-44FB-BAFE-8B0D9C84B2D0}"
EndProject
Project("{FAE04EC0-301F-11D3-BF4B-00C04F79EFBC}") = "DVLD_Business", "..\DVLD_Business\DVLD_Business.csproj", "{94285A6A-7466-4F29-810F-9ABCA7AFB01A}"
EndProject
Global
	GlobalSection(SolutionConfigurationPlatforms) = preSolution
		Debug|Any CPU = Debug|Any CPU
		Release|Any CPU = Release|Any CPU
	EndGlobalSection
	GlobalSection(ProjectConfigurationPlatforms) = postSolution
		{117A413E-181A-4F83-B951-0E8F266692FE}.Debug|Any CPU.ActiveCfg = Debug|Any CPU
		{117A413E-181A-4F83-B951-0E8F266692FE}.Debug|Any CPU.Build.0 = Debug|Any CPU
		{117A413E-181A-4F83-B951-0E8F266692FE}.Release|Any CPU.ActiveCfg = Release|Any CPU
		{117A413E-181A-4F83-B951-0E8F266692FE}.Release|Any CPU.Build.0 = Release|Any CPU
		{4586714B-7A90-44FB-BAFE-8B0D9C84B2D0}.Debug|Any CPU.ActiveCfg = Debug|Any CPU
		{4586714B-7A90-44FB-BAFE-8B0D9C84B2D0}.Debug|Any CPU.Build.0 = Debug|Any CPU
		{4586714B-7A90-44FB-BAFE-8B0D9C84B2D0}.Release|Any CPU.ActiveCfg = Release|Any CPU
		{4586714B-7A90-44FB-BAFE-8B0D9C84B2D0}.Release|Any CPU.Build.0 = Release|Any CPU
		{94285A6A-7466-4F29-810F-9ABCA7AFB01A}.Debug|Any CPU.ActiveCfg = Debug|Any CPU
		{94285A6A-7466-4F29-810F-9ABCA7AFB01A}.Debug|Any CPU.Build.0 = Debug|Any CPU
		{94285A6A-7466-4F29-810F-9ABCA7AFB01A}.Release|Any CPU.ActiveCfg = Release|Any CPU
		{94285A6A-7466-4F29-810F-9ABCA7AFB01A}.Release|Any CPU.Build.0 = Release|Any CPU
	EndGlobalSection
	GlobalSection(SolutionProperties) = preSolution
		HideSolutionNode = FALSE
	EndGlobalSection
	GlobalSection(ExtensibilityGlobals) = postSolution
		SolutionGuid = {42005038-F8E4-40E7-BBA4-C3E1266D41AA}
	EndGlobalSection
EndGlobal
